
Microsoft Visual Studio Solution File, Format Version 12.00
# Visual Studio 14
VisualStudioVersion = 14.0.25420.1
MinimumVisualStudioVersion = 10.0.40219.1
Project("{FAE04EC0-301F-11D3-BF4B-00C04F79EFBC}") = "Homework.Interfaces", "InterFaces\Homework.Interfaces.csproj", "{AB08C179-E1E5-472B-B018-56B057404E3E}"
EndProject
Project("{FAE04EC0-301F-11D3-BF4B-00C04F79EFBC}") = "Homework.IocTest", "Homework.Test\Homework.IocTest.csproj", "{489CE2AE-3AA2-41B2-942D-D37CD7565F75}"
EndProject
Project("{FAE04EC0-301F-11D3-BF4B-00C04F79EFBC}") = "Homework.Configuration", "Homework.Configuration\Homework.Configuration.csproj", "{26A1D597-EF9F-414D-846B-F60F2835F75F}"
EndProject
Project("{FAE04EC0-301F-11D3-BF4B-00C04F79EFBC}") = "Homework", "Homework\Homework.csproj", "{5108F6F7-DC4F-4E1F-8228-3BC9BFBA1A03}"
EndProject
Project("{FAE04EC0-301F-11D3-BF4B-00C04F79EFBC}") = "Homework.Factory", "Homework.Factory\Homework.Factory.csproj", "{3E394BF9-8270-4E24-B109-3C28FDFFF908}"
EndProject
Project("{FAE04EC0-301F-11D3-BF4B-00C04F79EFBC}") = "Homework.ProviderTest", "Homework.ProviderTest\Homework.ProviderTest.csproj", "{7869F8DF-078E-44E8-858B-D22A98906A3B}"
EndProject
Global
	GlobalSection(SolutionConfigurationPlatforms) = preSolution
		Debug|Any CPU = Debug|Any CPU
		Release|Any CPU = Release|Any CPU
	EndGlobalSection
	GlobalSection(ProjectConfigurationPlatforms) = postSolution
		{AB08C179-E1E5-472B-B018-56B057404E3E}.Debug|Any CPU.ActiveCfg = Debug|Any CPU
		{AB08C179-E1E5-472B-B018-56B057404E3E}.Debug|Any CPU.Build.0 = Debug|Any CPU
		{AB08C179-E1E5-472B-B018-56B057404E3E}.Release|Any CPU.ActiveCfg = Release|Any CPU
		{AB08C179-E1E5-472B-B018-56B057404E3E}.Release|Any CPU.Build.0 = Release|Any CPU
		{489CE2AE-3AA2-41B2-942D-D37CD7565F75}.Debug|Any CPU.ActiveCfg = Debug|Any CPU
		{489CE2AE-3AA2-41B2-942D-D37CD7565F75}.Debug|Any CPU.Build.0 = Debug|Any CPU
		{489CE2AE-3AA2-41B2-942D-D37CD7565F75}.Release|Any CPU.ActiveCfg = Release|Any CPU
		{489CE2AE-3AA2-41B2-942D-D37CD7565F75}.Release|Any CPU.Build.0 = Release|Any CPU
		{26A1D597-EF9F-414D-846B-F60F2835F75F}.Debug|Any CPU.ActiveCfg = Debug|Any CPU
		{26A1D597-EF9F-414D-846B-F60F2835F75F}.Debug|Any CPU.Build.0 = Debug|Any CPU
		{26A1D597-EF9F-414D-846B-F60F2835F75F}.Release|Any CPU.ActiveCfg = Release|Any CPU
		{26A1D597-EF9F-414D-846B-F60F2835F75F}.Release|Any CPU.Build.0 = Release|Any CPU
		{5108F6F7-DC4F-4E1F-8228-3BC9BFBA1A03}.Debug|Any CPU.ActiveCfg = Debug|Any CPU
		{5108F6F7-DC4F-4E1F-8228-3BC9BFBA1A03}.Debug|Any CPU.Build.0 = Debug|Any CPU
		{5108F6F7-DC4F-4E1F-8228-3BC9BFBA1A03}.Release|Any CPU.ActiveCfg = Release|Any CPU
		{5108F6F7-DC4F-4E1F-8228-3BC9BFBA1A03}.Release|Any CPU.Build.0 = Release|Any CPU
		{3E394BF9-8270-4E24-B109-3C28FDFFF908}.Debug|Any CPU.ActiveCfg = Debug|Any CPU
		{3E394BF9-8270-4E24-B109-3C28FDFFF908}.Debug|Any CPU.Build.0 = Debug|Any CPU
		{3E394BF9-8270-4E24-B109-3C28FDFFF908}.Release|Any CPU.ActiveCfg = Release|Any CPU
		{3E394BF9-8270-4E24-B109-3C28FDFFF908}.Release|Any CPU.Build.0 = Release|Any CPU
		{7869F8DF-078E-44E8-858B-D22A98906A3B}.Debug|Any CPU.ActiveCfg = Debug|Any CPU
		{7869F8DF-078E-44E8-858B-D22A98906A3B}.Debug|Any CPU.Build.0 = Debug|Any CPU
		{7869F8DF-078E-44E8-858B-D22A98906A3B}.Release|Any CPU.ActiveCfg = Release|Any CPU
		{7869F8DF-078E-44E8-858B-D22A98906A3B}.Release|Any CPU.Build.0 = Release|Any CPU
	EndGlobalSection
	GlobalSection(SolutionProperties) = preSolution
		HideSolutionNode = FALSE
	EndGlobalSection
	GlobalSection(ExtensibilityGlobals) = postSolution
		EnterpriseLibraryConfigurationToolBinariesPath = packages\Unity.Interception.2.1.505.0\lib\NET35
	EndGlobalSection
EndGlobal
